
Microsoft Visual Studio Solution File, Format Version 12.00
# Visual Studio Version 16
VisualStudioVersion = 16.0.28922.388
MinimumVisualStudioVersion = 10.0.40219.1
Project("{FAE04EC0-301F-11D3-BF4B-00C04F79EFBC}") = "Minesweeper1", "Minesweeper1\Minesweeper1.csproj", "{D7038BA7-33FA-4752-80FD-B668EB3A2BD3}"
EndProject
Global
	GlobalSection(SolutionConfigurationPlatforms) = preSolution
		Debug|Any CPU = Debug|Any CPU
		Release|Any CPU = Release|Any CPU
	EndGlobalSection
	GlobalSection(ProjectConfigurationPlatforms) = postSolution
		{D7038BA7-33FA-4752-80FD-B668EB3A2BD3}.Debug|Any CPU.ActiveCfg = Debug|Any CPU
		{D7038BA7-33FA-4752-80FD-B668EB3A2BD3}.Debug|Any CPU.Build.0 = Debug|Any CPU
		{D7038BA7-33FA-4752-80FD-B668EB3A2BD3}.Release|Any CPU.ActiveCfg = Release|Any CPU
		{D7038BA7-33FA-4752-80FD-B668EB3A2BD3}.Release|Any CPU.Build.0 = Release|Any CPU
	EndGlobalSection
	GlobalSection(SolutionProperties) = preSolution
		HideSolutionNode = FALSE
	EndGlobalSection
	GlobalSection(ExtensibilityGlobals) = postSolution
		SolutionGuid = {19760D91-33FB-4EA1-8C72-55598134B14C}
	EndGlobalSection
EndGlobal
